
Microsoft Visual Studio Solution File, Format Version 12.00
# Visual Studio Version 17
VisualStudioVersion = 17.7.34031.279
MinimumVisualStudioVersion = 10.0.40219.1
Project("{FAE04EC0-301F-11D3-BF4B-00C04F79EFBC}") = "Miprimeraclase", "Miprimeraclase\Miprimeraclase.csproj", "{12E7CD89-AE0C-4156-9F25-E7170D4CAA24}"
EndProject
Global
	GlobalSection(SolutionConfigurationPlatforms) = preSolution
		Debug|Any CPU = Debug|Any CPU
		Release|Any CPU = Release|Any CPU
	EndGlobalSection
	GlobalSection(ProjectConfigurationPlatforms) = postSolution
		{12E7CD89-AE0C-4156-9F25-E7170D4CAA24}.Debug|Any CPU.ActiveCfg = Debug|Any CPU
		{12E7CD89-AE0C-4156-9F25-E7170D4CAA24}.Debug|Any CPU.Build.0 = Debug|Any CPU
		{12E7CD89-AE0C-4156-9F25-E7170D4CAA24}.Release|Any CPU.ActiveCfg = Release|Any CPU
		{12E7CD89-AE0C-4156-9F25-E7170D4CAA24}.Release|Any CPU.Build.0 = Release|Any CPU
	EndGlobalSection
	GlobalSection(SolutionProperties) = preSolution
		HideSolutionNode = FALSE
	EndGlobalSection
	GlobalSection(ExtensibilityGlobals) = postSolution
		SolutionGuid = {25398436-E005-414F-BAAC-C243A14818FD}
	EndGlobalSection
EndGlobal
